{
    "_readme": [
        "This file locks the dependencies of your project to a known state",
        "Read more about it at https://getcomposer.org/doc/01-basic-usage.md#composer-lock-the-lock-file",
        "This file is @generated automatically"
    ],
    "content-hash": "5d0fc20d34bbdaf61b85a427ded1115f",
    "packages": [
        {
            "name": "cache/adapter-common",
            "version": "1.0.0",
            "source": {
                "type": "git",
                "url": "https://github.com/php-cache/adapter-common.git",
                "reference": "f433e2496e1f351272e7985a5e908db86bc2db5c"
            },
            "dist": {
                "type": "zip",
                "url": "https://files.phpcomposer.com/files/php-cache/adapter-common/f433e2496e1f351272e7985a5e908db86bc2db5c.zip",
                "reference": "f433e2496e1f351272e7985a5e908db86bc2db5c",
                "shasum": ""
            },
            "require": {
                "cache/tag-interop": "^1.0",
                "php": "^5.6 || ^7.0",
                "psr/cache": "^1.0",
                "psr/log": "^1.0",
                "psr/simple-cache": "^1.0"
            },
            "require-dev": {
                "cache/integration-tests": "^0.16",
                "phpunit/phpunit": "^5.7.21"
            },
            "type": "library",
            "extra": {
                "branch-alias": {
                    "dev-master": "1.0-dev"
                }
            },
            "autoload": {
                "psr-4": {
                    "Cache\\Adapter\\Common\\": ""
                }
            },
            "notification-url": "https://packagist.org/downloads/",
            "license": [
                "MIT"
            ],
            "authors": [
                {
                    "name": "Aaron Scherer",
                    "email": "aequasi@gmail.com",
                    "homepage": "https://github.com/aequasi"
                },
                {
                    "name": "Tobias Nyholm",
                    "email": "tobias.nyholm@gmail.com",
                    "homepage": "https://github.com/Nyholm"
                }
            ],
            "description": "Common classes for PSR-6 adapters",
            "homepage": "http://www.php-cache.com/en/latest/",
            "keywords": [
                "cache",
                "psr-6",
                "tag"
            ],
            "time": "2017-07-16T17:13:36+00:00"
        },
        {
            "name": "cache/apcu-adapter",
            "version": "1.0.0",
            "source": {
                "type": "git",
                "url": "https://github.com/php-cache/apcu-adapter.git",
                "reference": "542a23dbf7c9c50a9099d341931faf14f8ffda9b"
            },
            "dist": {
                "type": "zip",
                "url": "https://files.phpcomposer.com/files/php-cache/apcu-adapter/542a23dbf7c9c50a9099d341931faf14f8ffda9b.zip",
                "reference": "542a23dbf7c9c50a9099d341931faf14f8ffda9b",
                "shasum": ""
            },
            "require": {
                "cache/adapter-common": "^1.0",
                "php": "^5.6 || ^7.0",
                "psr/cache": "^1.0",
                "psr/simple-cache": "^1.0"
            },
            "provide": {
                "psr/cache-implementation": "^1.0"
            },
            "require-dev": {
                "cache/integration-tests": "^0.16",
                "phpunit/phpunit": "^5.7.21"
            },
            "suggest": {
                "ext-apcu": "The extension required to use this pool."
            },
            "type": "library",
            "extra": {
                "branch-alias": {
                    "dev-master": "1.0-dev"
                }
            },
            "autoload": {
                "psr-4": {
                    "Cache\\Adapter\\Apcu\\": ""
                },
                "exclude-from-classmap": [
                    "/Tests/"
                ]
            },
            "notification-url": "https://packagist.org/downloads/",
            "license": [
                "MIT"
            ],
            "authors": [
                {
                    "name": "Aaron Scherer",
                    "email": "aequasi@gmail.com",
                    "homepage": "https://github.com/aequasi"
                },
                {
                    "name": "Tobias Nyholm",
                    "email": "tobias.nyholm@gmail.com",
                    "homepage": "https://github.com/Nyholm"
                }
            ],
            "description": "A PSR-6 cache implementation using apcu. This implementation supports tags",
            "homepage": "http://www.php-cache.com/en/latest/",
            "keywords": [
                "apcu",
                "cache",
                "psr-6"
            ],
            "time": "2017-07-16T21:09:25+00:00"
        },
        {
            "name": "cache/hierarchical-cache",
            "version": "1.0.0",
            "source": {
                "type": "git",
                "url": "https://github.com/php-cache/hierarchical-cache.git",
                "reference": "97173a5115765f72ccdc90dbc01132a3786ef5fd"
            },
            "dist": {
                "type": "zip",
                "url": "https://files.phpcomposer.com/files/php-cache/hierarchical-cache/97173a5115765f72ccdc90dbc01132a3786ef5fd.zip",
                "reference": "97173a5115765f72ccdc90dbc01132a3786ef5fd",
                "shasum": ""
            },
            "require": {
                "cache/adapter-common": "^1.0",
                "php": "^5.6 || ^7.0",
                "psr/cache": "^1.0"
            },
            "require-dev": {
                "phpunit/phpunit": "^5.7.21"
            },
            "type": "library",
            "extra": {
                "branch-alias": {
                    "dev-master": "1.0-dev"
                }
            },
            "autoload": {
                "psr-4": {
                    "Cache\\Hierarchy\\": ""
                },
                "exclude-from-classmap": [
                    "/Tests/"
                ]
            },
            "notification-url": "https://packagist.org/downloads/",
            "license": [
                "MIT"
            ],
            "authors": [
                {
                    "name": "Aaron Scherer",
                    "email": "aequasi@gmail.com",
                    "homepage": "https://github.com/aequasi"
                },
                {
                    "name": "Tobias Nyholm",
                    "email": "tobias.nyholm@gmail.com",
                    "homepage": "https://github.com/Nyholm"
                }
            ],
            "description": "A helper trait and interface to your PSR-6 cache to support hierarchical keys.",
            "homepage": "http://www.php-cache.com/en/latest/",
            "keywords": [
                "cache",
                "hierarchical",
                "hierarchy",
                "psr-6"
            ],
            "time": "2017-07-16T21:58:17+00:00"
        },
        {
            "name": "cache/memcache-adapter",
            "version": "1.0.0",
            "source": {
                "type": "git",
                "url": "https://github.com/php-cache/memcache-adapter.git",
                "reference": "a2f0be7dfd2ede83d799529ab4575a92bd8b9402"
            },
            "dist": {
                "type": "zip",
                "url": "https://files.phpcomposer.com/files/php-cache/memcache-adapter/a2f0be7dfd2ede83d799529ab4575a92bd8b9402.zip",
                "reference": "a2f0be7dfd2ede83d799529ab4575a92bd8b9402",
                "shasum": ""
            },
            "require": {
                "cache/adapter-common": "^1.0",
                "php": "^5.6 || ^7.0",
                "psr/cache": "^1.0",
                "psr/simple-cache": "^1.0"
            },
            "provide": {
                "psr/cache-implementation": "^1.0"
            },
            "require-dev": {
                "cache/integration-tests": "^0.16",
                "phpunit/phpunit": "^5.7.21"
            },
            "suggest": {
                "ext-memcache": "The extension required to use this pool."
            },
            "type": "library",
            "extra": {
                "branch-alias": {
                    "dev-master": "1.0-dev"
                }
            },
            "autoload": {
                "psr-4": {
                    "Cache\\Adapter\\Memcache\\": ""
                }
            },
            "notification-url": "https://packagist.org/downloads/",
            "license": [
                "MIT"
            ],
            "authors": [
                {
                    "name": "Aaron Scherer",
                    "email": "aequasi@gmail.com",
                    "homepage": "https://github.com/aequasi"
                },
                {
                    "name": "Tobias Nyholm",
                    "email": "tobias.nyholm@gmail.com",
                    "homepage": "https://github.com/Nyholm"
                }
            ],
            "description": "A PSR-6 cache implementation using memcache. This implementation supports tags",
            "homepage": "http://www.php-cache.com/en/latest/",
            "keywords": [
                "cache",
                "memcache",
                "psr-6",
                "tag"
            ],
            "time": "2017-07-16T21:09:25+00:00"
        },
        {
            "name": "cache/redis-adapter",
            "version": "1.0.0",
            "source": {
                "type": "git",
                "url": "https://github.com/php-cache/redis-adapter.git",
                "reference": "95ab6c72739951c6cb44d0051b338bfd5aff806b"
            },
            "dist": {
                "type": "zip",
                "url": "https://files.phpcomposer.com/files/php-cache/redis-adapter/95ab6c72739951c6cb44d0051b338bfd5aff806b.zip",
                "reference": "95ab6c72739951c6cb44d0051b338bfd5aff806b",
                "shasum": ""
            },
            "require": {
                "cache/adapter-common": "^1.0",
                "cache/hierarchical-cache": "^1.0",
                "php": "^5.6 || ^7.0",
                "psr/cache": "^1.0",
                "psr/simple-cache": "^1.0"
            },
            "provide": {
                "psr/cache-implementation": "^1.0"
            },
            "require-dev": {
                "cache/integration-tests": "^0.16",
                "phpunit/phpunit": "^5.7.21"
            },
            "suggest": {
                "ext-redis": "The extension required to use this pool."
            },
            "type": "library",
            "extra": {
                "branch-alias": {
                    "dev-master": "1.0-dev"
                }
            },
            "autoload": {
                "psr-4": {
                    "Cache\\Adapter\\Redis\\": ""
                },
                "exclude-from-classmap": [
                    "/Tests/"
                ]
            },
            "notification-url": "https://packagist.org/downloads/",
            "license": [
                "MIT"
            ],
            "authors": [
                {
                    "name": "Aaron Scherer",
                    "email": "aequasi@gmail.com",
                    "homepage": "https://github.com/aequasi"
                },
                {
                    "name": "Tobias Nyholm",
                    "email": "tobias.nyholm@gmail.com",
                    "homepage": "https://github.com/Nyholm"
                }
            ],
            "description": "A PSR-6 cache implementation using Redis (PhpRedis). This implementation supports tags",
            "homepage": "http://www.php-cache.com/en/latest/",
            "keywords": [
                "cache",
                "phpredis",
                "psr-6",
                "redis",
                "tag"
            ],
            "time": "2017-07-16T21:09:25+00:00"
        },
        {
            "name": "cache/simple-cache-bridge",
            "version": "1.0.0",
            "source": {
                "type": "git",
                "url": "https://github.com/php-cache/simple-cache-bridge.git",
                "reference": "607a32c40587fd049ac40d4bb20dfd5f778d89d5"
            },
            "dist": {
                "type": "zip",
                "url": "https://files.phpcomposer.com/files/php-cache/simple-cache-bridge/607a32c40587fd049ac40d4bb20dfd5f778d89d5.zip",
                "reference": "607a32c40587fd049ac40d4bb20dfd5f778d89d5",
                "shasum": ""
            },
            "require": {
                "php": "^5.6 || ^7.0",
                "psr/cache": "^1.0",
                "psr/simple-cache": "^1.0"
            },
            "provide": {
                "psr/simple-cache-implementation": "^1.0"
            },
            "require-dev": {
                "cache/integration-tests": "^0.16",
                "mockery/mockery": "^0.9",
                "phpunit/phpunit": "^5.7.21",
                "symfony/cache": "^3.2"
            },
            "type": "library",
            "extra": {
                "branch-alias": {
                    "dev-master": "1.0-dev"
                }
            },
            "autoload": {
                "psr-4": {
                    "Cache\\Bridge\\SimpleCache\\": ""
                },
                "exclude-from-classmap": [
                    "/Tests/"
                ]
            },
            "notification-url": "https://packagist.org/downloads/",
            "license": [
                "MIT"
            ],
            "authors": [
                {
                    "name": "Magnus Nordlander",
                    "email": "magnus@fervo.se",
                    "homepage": "https://github.com/magnusnordlander"
                }
            ],
            "description": "A PSR-6 bridge to PSR-16. This will make any PSR-6 cache compatible with SimpleCache.",
            "homepage": "http://www.php-cache.com/en/latest/",
            "keywords": [
                "Bridge",
                "cache",
                "psr-16",
                "psr-6"
            ],
            "time": "2017-07-16T21:58:17+00:00"
        },
        {
            "name": "cache/tag-interop",
            "version": "1.0.0",
            "source": {
                "type": "git",
                "url": "https://github.com/php-cache/tag-interop.git",
                "reference": "c7496dd81530f538af27b4f2713cde97bc292832"
            },
            "dist": {
                "type": "zip",
                "url": "https://files.phpcomposer.com/files/php-cache/tag-interop/c7496dd81530f538af27b4f2713cde97bc292832.zip",
                "reference": "c7496dd81530f538af27b4f2713cde97bc292832",
                "shasum": ""
            },
            "require": {
                "php": "^5.5 || ^7.0",
                "psr/cache": "^1.0"
            },
            "type": "library",
            "extra": {
                "branch-alias": {
                    "dev-master": "2.0-dev"
                }
            },
            "autoload": {
                "psr-4": {
                    "Cache\\TagInterop\\": ""
                }
            },
            "notification-url": "https://packagist.org/downloads/",
            "license": [
                "MIT"
            ],
            "authors": [
                {
                    "name": "Tobias Nyholm",
                    "email": "tobias.nyholm@gmail.com",
                    "homepage": "https://github.com/Nyholm"
                },
                {
                    "name": "Nicolas Grekas",
                    "email": "p@tchwork.com",
                    "homepage": "https://github.com/nicolas-grekas"
                }
            ],
            "description": "Framework interoperable interfaces for tags",
            "homepage": "http://www.php-cache.com/en/latest/",
            "keywords": [
                "cache",
                "psr",
                "psr6",
                "tag"
            ],
            "time": "2017-03-13T09:14:27+00:00"
        },
        {
            "name": "psr/cache",
            "version": "1.0.1",
            "source": {
                "type": "git",
                "url": "https://github.com/php-fig/cache.git",
                "reference": "d11b50ad223250cf17b86e38383413f5a6764bf8"
            },
            "dist": {
                "type": "zip",
                "url": "https://files.phpcomposer.com/files/php-fig/cache/d11b50ad223250cf17b86e38383413f5a6764bf8.zip",
                "reference": "d11b50ad223250cf17b86e38383413f5a6764bf8",
                "shasum": ""
            },
            "require": {
                "php": ">=5.3.0"
            },
            "type": "library",
            "extra": {
                "branch-alias": {
                    "dev-master": "1.0.x-dev"
                }
            },
            "autoload": {
                "psr-4": {
                    "Psr\\Cache\\": "src/"
                }
            },
            "notification-url": "https://packagist.org/downloads/",
            "license": [
                "MIT"
            ],
            "authors": [
                {
                    "name": "PHP-FIG",
                    "homepage": "http://www.php-fig.org/"
                }
            ],
            "description": "Common interface for caching libraries",
            "keywords": [
                "cache",
                "psr",
                "psr-6"
            ],
            "time": "2016-08-06T20:24:11+00:00"
        },
        {
            "name": "psr/log",
            "version": "1.0.2",
            "source": {
                "type": "git",
                "url": "https://github.com/php-fig/log.git",
                "reference": "4ebe3a8bf773a19edfe0a84b6585ba3d401b724d"
            },
            "dist": {
                "type": "zip",
                "url": "https://files.phpcomposer.com/files/php-fig/log/4ebe3a8bf773a19edfe0a84b6585ba3d401b724d.zip",
                "reference": "4ebe3a8bf773a19edfe0a84b6585ba3d401b724d",
                "shasum": ""
            },
            "require": {
                "php": ">=5.3.0"
            },
            "type": "library",
            "extra": {
                "branch-alias": {
                    "dev-master": "1.0.x-dev"
                }
            },
            "autoload": {
                "psr-4": {
                    "Psr\\Log\\": "Psr/Log/"
                }
            },
            "notification-url": "https://packagist.org/downloads/",
            "license": [
                "MIT"
            ],
            "authors": [
                {
                    "name": "PHP-FIG",
                    "homepage": "http://www.php-fig.org/"
                }
            ],
            "description": "Common interface for logging libraries",
            "homepage": "https://github.com/php-fig/log",
            "keywords": [
                "log",
                "psr",
                "psr-3"
            ],
            "time": "2016-10-10T12:19:37+00:00"
        },
        {
            "name": "psr/simple-cache",
            "version": "1.0.0",
            "source": {
                "type": "git",
                "url": "https://github.com/php-fig/simple-cache.git",
                "reference": "753fa598e8f3b9966c886fe13f370baa45ef0e24"
            },
            "dist": {
                "type": "zip",
                "url": "https://files.phpcomposer.com/files/php-fig/simple-cache/753fa598e8f3b9966c886fe13f370baa45ef0e24.zip",
                "reference": "753fa598e8f3b9966c886fe13f370baa45ef0e24",
                "shasum": ""
            },
            "require": {
                "php": ">=5.3.0"
            },
            "type": "library",
            "extra": {
                "branch-alias": {
                    "dev-master": "1.0.x-dev"
                }
            },
            "autoload": {
                "psr-4": {
                    "Psr\\SimpleCache\\": "src/"
                }
            },
            "notification-url": "https://packagist.org/downloads/",
            "license": [
                "MIT"
            ],
            "authors": [
                {
                    "name": "PHP-FIG",
                    "homepage": "http://www.php-fig.org/"
                }
            ],
            "description": "Common interfaces for simple caching",
            "keywords": [
                "cache",
                "caching",
                "psr",
                "psr-16",
                "simple-cache"
            ],
            "time": "2017-01-02T13:31:39+00:00"
        }
    ],
    "packages-dev": [
        {
            "name": "phpoffice/phpspreadsheet",
            "version": "1.0.0-beta",
            "source": {
                "type": "git",
                "url": "https://github.com/PHPOffice/PhpSpreadsheet.git",
                "reference": "7d4dc74fc6219739f1b6e0a7a2f87fdbf33c6ca5"
            },
            "dist": {
                "type": "zip",
                "url": "https://files.phpcomposer.com/files/PHPOffice/PhpSpreadsheet/7d4dc74fc6219739f1b6e0a7a2f87fdbf33c6ca5.zip",
                "reference": "7d4dc74fc6219739f1b6e0a7a2f87fdbf33c6ca5",
                "shasum": ""
            },
            "require": {
                "ext-iconv": "*",
                "ext-mbstring": "*",
                "ext-xml": "*",
                "ext-xmlwriter": "*",
                "ext-zip": "*",
                "php": "^5.6|^7.0",
                "psr/simple-cache": "^1.0"
            },
            "require-dev": {
                "dompdf/dompdf": "^0.8.0",
                "friendsofphp/php-cs-fixer": "^2.0",
                "mpdf/mpdf": "^6.1",
                "phpunit/phpunit": "^5.7",
                "squizlabs/php_codesniffer": "^2.7",
                "tecnickcom/tcpdf": "^6.2"
            },
            "suggest": {
                "dompdf/dompdf": "Option for rendering PDF with PDF Writer",
                "ext-dom": "Option to read and write HTML files",
                "ext-gd": "Required for exact column width autocalculation",
                "jpgraph/jpgraph": "Option for rendering charts, or including charts with PDF or HTML Writers",
                "mpdf/mpdf": "Option for rendering PDF with PDF Writer",
                "tecnick.com/tcpdf": "Option for rendering PDF with PDF Writer"
            },
            "type": "library",
            "autoload": {
                "psr-4": {
                    "PhpOffice\\PhpSpreadsheet\\": "src/PhpSpreadsheet"
                }
            },
            "notification-url": "https://packagist.org/downloads/",
            "license": [
                "LGPL-2.1"
            ],
            "authors": [
                {
                    "name": "Maarten Balliauw",
                    "homepage": "http://blog.maartenballiauw.be"
                },
                {
                    "name": "Erik Tilt"
                },
                {
                    "name": "Franck Lefevre",
                    "homepage": "http://rootslabs.net"
                },
                {
                    "name": "Mark Baker",
                    "homepage": "http://markbakeruk.net"
                }
            ],
            "description": "PHPSpreadsheet - Read, Create and Write Spreadsheet documents in PHP - Spreadsheet engine",
            "homepage": "https://github.com/PHPOffice/PhpSpreadsheet",
            "keywords": [
                "OpenXML",
                "excel",
                "gnumeric",
                "ods",
                "php",
                "spreadsheet",
                "xls",
                "xlsx"
            ],
            "time": "2017-08-17T13:17:23+00:00"
        }
    ],
    "aliases": [],
    "minimum-stability": "stable",
    "stability-flags": {
        "phpoffice/phpspreadsheet": 10
    },
    "prefer-stable": false,
    "prefer-lowest": false,
    "platform": [],
    "platform-dev": []
}
